
Microsoft Visual Studio Solution File, Format Version 12.00
# Visual Studio Version 17
VisualStudioVersion = 17.9.34622.214
MinimumVisualStudioVersion = 10.0.40219.1
Project("{FAE04EC0-301F-11D3-BF4B-00C04F79EFBC}") = "USTeco", "USTeco\USTeco.csproj", "{6FAE27A8-9CDC-4636-B051-903222870F60}"
EndProject
Project("{54435603-DBB4-11D2-8724-00A0C9A8B90C}") = "USTSetup", "USTSetup\USTSetup.vdproj", "{2E5D5857-462D-4D1A-A97F-96B609CA0308}"
EndProject
Global
	GlobalSection(SolutionConfigurationPlatforms) = preSolution
		Debug|Any CPU = Debug|Any CPU
		Release|Any CPU = Release|Any CPU
	EndGlobalSection
	GlobalSection(ProjectConfigurationPlatforms) = postSolution
		{6FAE27A8-9CDC-4636-B051-903222870F60}.Debug|Any CPU.ActiveCfg = Debug|Any CPU
		{6FAE27A8-9CDC-4636-B051-903222870F60}.Debug|Any CPU.Build.0 = Debug|Any CPU
		{6FAE27A8-9CDC-4636-B051-903222870F60}.Release|Any CPU.ActiveCfg = Release|Any CPU
		{6FAE27A8-9CDC-4636-B051-903222870F60}.Release|Any CPU.Build.0 = Release|Any CPU
		{2E5D5857-462D-4D1A-A97F-96B609CA0308}.Debug|Any CPU.ActiveCfg = Debug
		{2E5D5857-462D-4D1A-A97F-96B609CA0308}.Release|Any CPU.ActiveCfg = Release
	EndGlobalSection
	GlobalSection(SolutionProperties) = preSolution
		HideSolutionNode = FALSE
	EndGlobalSection
	GlobalSection(ExtensibilityGlobals) = postSolution
		SolutionGuid = {D2FCD0D5-DAA6-49F0-885C-A3EDF06E0D8A}
	EndGlobalSection
EndGlobal
